
Microsoft Visual Studio Solution File, Format Version 12.00
# Visual Studio Version 17
VisualStudioVersion = 17.3.32901.215
MinimumVisualStudioVersion = 10.0.40219.1
Project("{FAE04EC0-301F-11D3-BF4B-00C04F79EFBC}") = "Digital Storefront", "Digital Storefront.csproj", "{BB8AC139-1FC0-4B18-9E9E-3010FC98AB13}"
EndProject
Global
	GlobalSection(SolutionConfigurationPlatforms) = preSolution
		Debug|Any CPU = Debug|Any CPU
		Release|Any CPU = Release|Any CPU
	EndGlobalSection
	GlobalSection(ProjectConfigurationPlatforms) = postSolution
		{BB8AC139-1FC0-4B18-9E9E-3010FC98AB13}.Debug|Any CPU.ActiveCfg = Debug|Any CPU
		{BB8AC139-1FC0-4B18-9E9E-3010FC98AB13}.Debug|Any CPU.Build.0 = Debug|Any CPU
		{BB8AC139-1FC0-4B18-9E9E-3010FC98AB13}.Release|Any CPU.ActiveCfg = Release|Any CPU
		{BB8AC139-1FC0-4B18-9E9E-3010FC98AB13}.Release|Any CPU.Build.0 = Release|Any CPU
	EndGlobalSection
	GlobalSection(SolutionProperties) = preSolution
		HideSolutionNode = FALSE
	EndGlobalSection
	GlobalSection(ExtensibilityGlobals) = postSolution
		SolutionGuid = {4F2650BC-EE01-4732-981F-803D1BFE2E91}
	EndGlobalSection
EndGlobal
